// !$*UTF8*$!
{
	archiveVersion = 1;
	classes = {
	};
	objectVersion = 46;
	objects = {

/* Begin PBXBuildFile section */
		6F260EC71CE5CBA600F9AC6B /* AppDelegate.swift in Sources */ = {isa = PBXBuildFile; fileRef = 6F260EC61CE5CBA600F9AC6B /* AppDelegate.swift */; };
		6F260EC91CE5CBA600F9AC6B /* LoginVC.swift in Sources */ = {isa = PBXBuildFile; fileRef = 6F260EC81CE5CBA600F9AC6B /* LoginVC.swift */; };
		6F260ECC1CE5CBA600F9AC6B /* Main.storyboard in Resources */ = {isa = PBXBuildFile; fileRef = 6F260ECA1CE5CBA600F9AC6B /* Main.storyboard */; };
		6F260ECE1CE5CBA600F9AC6B /* Assets.xcassets in Resources */ = {isa = PBXBuildFile; fileRef = 6F260ECD1CE5CBA600F9AC6B /* Assets.xcassets */; };
		6F260ED11CE5CBA600F9AC6B /* LaunchScreen.storyboard in Resources */ = {isa = PBXBuildFile; fileRef = 6F260ECF1CE5CBA600F9AC6B /* LaunchScreen.storyboard */; };
		6F7AE9891CE621E300C9E6DB /* CustomTextField.swift in Sources */ = {isa = PBXBuildFile; fileRef = 6F7AE9881CE621E300C9E6DB /* CustomTextField.swift */; };
		6F7AE98B1CE630E900C9E6DB /* CustomButton.swift in Sources */ = {isa = PBXBuildFile; fileRef = 6F7AE98A1CE630E900C9E6DB /* CustomButton.swift */; };
		6F7AE98E1CE64B0800C9E6DB /* AnimationEngine.swift in Sources */ = {isa = PBXBuildFile; fileRef = 6F7AE98D1CE64B0800C9E6DB /* AnimationEngine.swift */; };
		6F7AE9901CE6F08200C9E6DB /* GameVC.swift in Sources */ = {isa = PBXBuildFile; fileRef = 6F7AE98F1CE6F08200C9E6DB /* GameVC.swift */; };
		6F7AE9921CE6F20400C9E6DB /* Card.swift in Sources */ = {isa = PBXBuildFile; fileRef = 6F7AE9911CE6F20400C9E6DB /* Card.swift */; };
		6F7AE9941CE6F21500C9E6DB /* Card.xib in Resources */ = {isa = PBXBuildFile; fileRef = 6F7AE9931CE6F21500C9E6DB /* Card.xib */; };
		B58991C1D2ADDD76BB1557E3 /* Pods_BrainTeaserApp.framework in Frameworks */ = {isa = PBXBuildFile; fileRef = 1BEB300A2743903A49B54634 /* Pods_BrainTeaserApp.framework */; };
/* End PBXBuildFile section */

/* Begin PBXFileReference section */
		1BEB300A2743903A49B54634 /* Pods_BrainTeaserApp.framework */ = {isa = PBXFileReference; explicitFileType = wrapper.framework; includeInIndex = 0; path = Pods_BrainTeaserApp.framework; sourceTree = BUILT_PRODUCTS_DIR; };
		6F260EC31CE5CBA600F9AC6B /* BrainTeaserApp.app */ = {isa = PBXFileReference; explicitFileType = wrapper.application; includeInIndex = 0; path = BrainTeaserApp.app; sourceTree = BUILT_PRODUCTS_DIR; };
		6F260EC61CE5CBA600F9AC6B /* AppDelegate.swift */ = {isa = PBXFileReference; lastKnownFileType = sourcecode.swift; path = AppDelegate.swift; sourceTree = "<group>"; };
		6F260EC81CE5CBA600F9AC6B /* LoginVC.swift */ = {isa = PBXFileReference; lastKnownFileType = sourcecode.swift; path = LoginVC.swift; sourceTree = "<group>"; };
		6F260ECB1CE5CBA600F9AC6B /* Base */ = {isa = PBXFileReference; lastKnownFileType = file.storyboard; name = Base; path = Base.lproj/Main.storyboard; sourceTree = "<group>"; };
		6F260ECD1CE5CBA600F9AC6B /* Assets.xcassets */ = {isa = PBXFileReference; lastKnownFileType = folder.assetcatalog; path = Assets.xcassets; sourceTree = "<group>"; };
		6F260ED01CE5CBA600F9AC6B /* Base */ = {isa = PBXFileReference; lastKnownFileType = file.storyboard; name = Base; path = Base.lproj/LaunchScreen.storyboard; sourceTree = "<group>"; };
		6F260ED21CE5CBA600F9AC6B /* Info.plist */ = {isa = PBXFileReference; lastKnownFileType = text.plist.xml; path = Info.plist; sourceTree = "<group>"; };
		6F7AE9801CE618F900C9E6DB /* BrainTeaserApp-Bridging-Header.h */ = {isa = PBXFileReference; lastKnownFileType = sourcecode.c.h; path = "BrainTeaserApp-Bridging-Header.h"; sourceTree = "<group>"; };
		6F7AE9881CE621E300C9E6DB /* CustomTextField.swift */ = {isa = PBXFileReference; fileEncoding = 4; lastKnownFileType = sourcecode.swift; path = CustomTextField.swift; sourceTree = "<group>"; };
		6F7AE98A1CE630E900C9E6DB /* CustomButton.swift */ = {isa = PBXFileReference; fileEncoding = 4; lastKnownFileType = sourcecode.swift; path = CustomButton.swift; sourceTree = "<group>"; };
		6F7AE98D1CE64B0800C9E6DB /* AnimationEngine.swift */ = {isa = PBXFileReference; fileEncoding = 4; lastKnownFileType = sourcecode.swift; path = AnimationEngine.swift; sourceTree = "<group>"; };
		6F7AE98F1CE6F08200C9E6DB /* GameVC.swift */ = {isa = PBXFileReference; fileEncoding = 4; lastKnownFileType = sourcecode.swift; path = GameVC.swift; sourceTree = "<group>"; };
		6F7AE9911CE6F20400C9E6DB /* Card.swift */ = {isa = PBXFileReference; fileEncoding = 4; lastKnownFileType = sourcecode.swift; path = Card.swift; sourceTree = "<group>"; };
		6F7AE9931CE6F21500C9E6DB /* Card.xib */ = {isa = PBXFileReference; fileEncoding = 4; lastKnownFileType = file.xib; path = Card.xib; sourceTree = "<group>"; };
		BA1888C3E45D497B722534C9 /* Pods-BrainTeaserApp.debug.xcconfig */ = {isa = PBXFileReference; includeInIndex = 1; lastKnownFileType = text.xcconfig; name = "Pods-BrainTeaserApp.debug.xcconfig"; path = "Pods/Target Support Files/Pods-BrainTeaserApp/Pods-BrainTeaserApp.debug.xcconfig"; sourceTree = "<group>"; };
		BC2BC8C0C5A584F27C265830 /* Pods-BrainTeaserApp.release.xcconfig */ = {isa = PBXFileReference; includeInIndex = 1; lastKnownFileType = text.xcconfig; name = "Pods-BrainTeaserApp.release.xcconfig"; path = "Pods/Target Support Files/Pods-BrainTeaserApp/Pods-BrainTeaserApp.release.xcconfig"; sourceTree = "<group>"; };
/* End PBXFileReference section */

/* Begin PBXFrameworksBuildPhase section */
		6F260EC01CE5CBA600F9AC6B /* Frameworks */ = {
			isa = PBXFrameworksBuildPhase;
			buildActionMask = 2147483647;
			files = (
				B58991C1D2ADDD76BB1557E3 /* Pods_BrainTeaserApp.framework in Frameworks */,
			);
			runOnlyForDeploymentPostprocessing = 0;
		};
/* End PBXFrameworksBuildPhase section */

/* Begin PBXGroup section */
		05CC406287C645902215F69D /* Pods */ = {
			isa = PBXGroup;
			children = (
				BA1888C3E45D497B722534C9 /* Pods-BrainTeaserApp.debug.xcconfig */,
				BC2BC8C0C5A584F27C265830 /* Pods-BrainTeaserApp.release.xcconfig */,
			);
			name = Pods;
			sourceTree = "<group>";
		};
		6F260EBA1CE5CBA600F9AC6B = {
			isa = PBXGroup;
			children = (
				6F260EC51CE5CBA600F9AC6B /* BrainTeaserApp */,
				6F260EC41CE5CBA600F9AC6B /* Products */,
				05CC406287C645902215F69D /* Pods */,
				A4081AE1C946C643180E78BC /* Frameworks */,
			);
			sourceTree = "<group>";
		};
		6F260EC41CE5CBA600F9AC6B /* Products */ = {
			isa = PBXGroup;
			children = (
				6F260EC31CE5CBA600F9AC6B /* BrainTeaserApp.app */,
			);
			name = Products;
			sourceTree = "<group>";
		};
		6F260EC51CE5CBA600F9AC6B /* BrainTeaserApp */ = {
			isa = PBXGroup;
			children = (
				6F7AE98C1CE64AFE00C9E6DB /* Util */,
				6F7AE9871CE621C700C9E6DB /* Controller */,
				6F7AE9861CE621C100C9E6DB /* View */,
				6F260EC61CE5CBA600F9AC6B /* AppDelegate.swift */,
				6F260ECA1CE5CBA600F9AC6B /* Main.storyboard */,
				6F260ECD1CE5CBA600F9AC6B /* Assets.xcassets */,
				6F260ECF1CE5CBA600F9AC6B /* LaunchScreen.storyboard */,
				6F260ED21CE5CBA600F9AC6B /* Info.plist */,
				6F7AE9801CE618F900C9E6DB /* BrainTeaserApp-Bridging-Header.h */,
			);
			path = BrainTeaserApp;
			sourceTree = "<group>";
		};
		6F7AE9861CE621C100C9E6DB /* View */ = {
			isa = PBXGroup;
			children = (
				6F7AE9881CE621E300C9E6DB /* CustomTextField.swift */,
				6F7AE98A1CE630E900C9E6DB /* CustomButton.swift */,
				6F7AE9911CE6F20400C9E6DB /* Card.swift */,
				6F7AE9931CE6F21500C9E6DB /* Card.xib */,
			);
			name = View;
			sourceTree = "<group>";
		};
		6F7AE9871CE621C700C9E6DB /* Controller */ = {
			isa = PBXGroup;
			children = (
				6F260EC81CE5CBA600F9AC6B /* LoginVC.swift */,
				6F7AE98F1CE6F08200C9E6DB /* GameVC.swift */,
			);
			name = Controller;
			sourceTree = "<group>";
		};
		6F7AE98C1CE64AFE00C9E6DB /* Util */ = {
			isa = PBXGroup;
			children = (
				6F7AE98D1CE64B0800C9E6DB /* AnimationEngine.swift */,
			);
			name = Util;
			sourceTree = "<group>";
		};
		A4081AE1C946C643180E78BC /* Frameworks */ = {
			isa = PBXGroup;
			children = (
				1BEB300A2743903A49B54634 /* Pods_BrainTeaserApp.framework */,
			);
			name = Frameworks;
			sourceTree = "<group>";
		};
/* End PBXGroup section */

/* Begin PBXNativeTarget section */
		6F260EC21CE5CBA600F9AC6B /* BrainTeaserApp */ = {
			isa = PBXNativeTarget;
			buildConfigurationList = 6F260ED51CE5CBA600F9AC6B /* Build configuration list for PBXNativeTarget "BrainTeaserApp" */;
			buildPhases = (
				C8321036AECD5F64DF121B3F /* Check Pods Manifest.lock */,
				6F260EBF1CE5CBA600F9AC6B /* Sources */,
				6F260EC01CE5CBA600F9AC6B /* Frameworks */,
				6F260EC11CE5CBA600F9AC6B /* Resources */,
				DB85C361CC127436CC4D321C /* Embed Pods Frameworks */,
				002589D8108126BF277E456B /* Copy Pods Resources */,
			);
			buildRules = (
			);
			dependencies = (
			);
			name = BrainTeaserApp;
			productName = BrainTeaserApp;
			productReference = 6F260EC31CE5CBA600F9AC6B /* BrainTeaserApp.app */;
			productType = "com.apple.product-type.application";
		};
/* End PBXNativeTarget section */

/* Begin PBXProject section */
		6F260EBB1CE5CBA600F9AC6B /* Project object */ = {
			isa = PBXProject;
			attributes = {
				LastSwiftUpdateCheck = 0730;
				LastUpgradeCheck = 0730;
				ORGANIZATIONNAME = "Andrew's Personal";
				TargetAttributes = {
					6F260EC21CE5CBA600F9AC6B = {
						CreatedOnToolsVersion = 7.3;
						DevelopmentTeam = 3J34Z2C58S;
					};
				};
			};
			buildConfigurationList = 6F260EBE1CE5CBA600F9AC6B /* Build configuration list for PBXProject "BrainTeaserApp" */;
			compatibilityVersion = "Xcode 3.2";
			developmentRegion = English;
			hasScannedForEncodings = 0;
			knownRegions = (
				en,
				Base,
			);
			mainGroup = 6F260EBA1CE5CBA600F9AC6B;
			productRefGroup = 6F260EC41CE5CBA600F9AC6B /* Products */;
			projectDirPath = "";
			projectRoot = "";
			targets = (
				6F260EC21CE5CBA600F9AC6B /* BrainTeaserApp */,
			);
		};
/* End PBXProject section */

/* Begin PBXResourcesBuildPhase section */
		6F260EC11CE5CBA600F9AC6B /* Resources */ = {
			isa = PBXResourcesBuildPhase;
			buildActionMask = 2147483647;
			files = (
				6F260ED11CE5CBA600F9AC6B /* LaunchScreen.storyboard in Resources */,
				6F260ECE1CE5CBA600F9AC6B /* Assets.xcassets in Resources */,
				6F260ECC1CE5CBA600F9AC6B /* Main.storyboard in Resources */,
				6F7AE9941CE6F21500C9E6DB /* Card.xib in Resources */,
			);
			runOnlyForDeploymentPostprocessing = 0;
		};
/* End PBXResourcesBuildPhase section */

/* Begin PBXShellScriptBuildPhase section */
		002589D8108126BF277E456B /* Copy Pods Resources */ = {
			isa = PBXShellScriptBuildPhase;
			buildActionMask = 2147483647;
			files = (
			);
			inputPaths = (
			);
			name = "Copy Pods Resources";
			outputPaths = (
			);
			runOnlyForDeploymentPostprocessing = 0;
			shellPath = /bin/sh;
			shellScript = "\"${SRCROOT}/Pods/Target Support Files/Pods-BrainTeaserApp/Pods-BrainTeaserApp-resources.sh\"\n";
			showEnvVarsInLog = 0;
		};
		C8321036AECD5F64DF121B3F /* Check Pods Manifest.lock */ = {
			isa = PBXShellScriptBuildPhase;
			buildActionMask = 2147483647;
			files = (
			);
			inputPaths = (
			);
			name = "Check Pods Manifest.lock";
			outputPaths = (
			);
			runOnlyForDeploymentPostprocessing = 0;
			shellPath = /bin/sh;
			shellScript = "diff \"${PODS_ROOT}/../Podfile.lock\" \"${PODS_ROOT}/Manifest.lock\" > /dev/null\nif [[ $? != 0 ]] ; then\n    cat << EOM\nerror: The sandbox is not in sync with the Podfile.lock. Run 'pod install' or update your CocoaPods installation.\nEOM\n    exit 1\nfi\n";
			showEnvVarsInLog = 0;
		};
		DB85C361CC127436CC4D321C /* Embed Pods Frameworks */ = {
			isa = PBXShellScriptBuildPhase;
			buildActionMask = 2147483647;
			files = (
			);
			inputPaths = (
			);
			name = "Embed Pods Frameworks";
			outputPaths = (
			);
			runOnlyForDeploymentPostprocessing = 0;
			shellPath = /bin/sh;
			shellScript = "\"${SRCROOT}/Pods/Target Support Files/Pods-BrainTeaserApp/Pods-BrainTeaserApp-frameworks.sh\"\n";
			showEnvVarsInLog = 0;
		};
/* End PBXShellScriptBuildPhase section */

/* Begin PBXSourcesBuildPhase section */
		6F260EBF1CE5CBA600F9AC6B /* Sources */ = {
			isa = PBXSourcesBuildPhase;
			buildActionMask = 2147483647;
			files = (
				6F7AE98B1CE630E900C9E6DB /* CustomButton.swift in Sources */,
				6F260EC91CE5CBA600F9AC6B /* LoginVC.swift in Sources */,
				6F7AE9921CE6F20400C9E6DB /* Card.swift in Sources */,
				6F260EC71CE5CBA600F9AC6B /* AppDelegate.swift in Sources */,
				6F7AE98E1CE64B0800C9E6DB /* AnimationEngine.swift in Sources */,
				6F7AE9901CE6F08200C9E6DB /* GameVC.swift in Sources */,
				6F7AE9891CE621E300C9E6DB /* CustomTextField.swift in Sources */,
			);
			runOnlyForDeploymentPostprocessing = 0;
		};
/* End PBXSourcesBuildPhase section */

/* Begin PBXVariantGroup section */
		6F260ECA1CE5CBA600F9AC6B /* Main.storyboard */ = {
			isa = PBXVariantGroup;
			children = (
				6F260ECB1CE5CBA600F9AC6B /* Base */,
			);
			name = Main.storyboard;
			sourceTree = "<group>";
		};
		6F260ECF1CE5CBA600F9AC6B /* LaunchScreen.storyboard */ = {
			isa = PBXVariantGroup;
			children = (
				6F260ED01CE5CBA600F9AC6B /* Base */,
			);
			name = LaunchScreen.storyboard;
			sourceTree = "<group>";
		};
/* End PBXVariantGroup section */

/* Begin XCBuildConfiguration section */
		6F260ED31CE5CBA600F9AC6B /* Debug */ = {
			isa = XCBuildConfiguration;
			buildSettings = {
				ALWAYS_SEARCH_USER_PATHS = NO;
				CLANG_ANALYZER_NONNULL = YES;
				CLANG_CXX_LANGUAGE_STANDARD = "gnu++0x";
				CLANG_CXX_LIBRARY = "libc++";
				CLANG_ENABLE_MODULES = YES;
				CLANG_ENABLE_OBJC_ARC = YES;
				CLANG_WARN_BOOL_CONVERSION = YES;
				CLANG_WARN_CONSTANT_CONVERSION = YES;
				CLANG_WARN_DIRECT_OBJC_ISA_USAGE = YES_ERROR;
				CLANG_WARN_EMPTY_BODY = YES;
				CLANG_WARN_ENUM_CONVERSION = YES;
				CLANG_WARN_INT_CONVERSION = YES;
				CLANG_WARN_OBJC_ROOT_CLASS = YES_ERROR;
				CLANG_WARN_UNREACHABLE_CODE = YES;
				CLANG_WARN__DUPLICATE_METHOD_MATCH = YES;
				"CODE_SIGN_IDENTITY[sdk=iphoneos*]" = "iPhone Developer";
				COPY_PHASE_STRIP = NO;
				DEBUG_INFORMATION_FORMAT = dwarf;
				ENABLE_STRICT_OBJC_MSGSEND = YES;
				ENABLE_TESTABILITY = YES;
				GCC_C_LANGUAGE_STANDARD = gnu99;
				GCC_DYNAMIC_NO_PIC = NO;
				GCC_NO_COMMON_BLOCKS = YES;
				GCC_OPTIMIZATION_LEVEL = 0;
				GCC_PREPROCESSOR_DEFINITIONS = (
					"DEBUG=1",
					"$(inherited)",
				);
				GCC_WARN_64_TO_32_BIT_CONVERSION = YES;
				GCC_WARN_ABOUT_RETURN_TYPE = YES_ERROR;
				GCC_WARN_UNDECLARED_SELECTOR = YES;
				GCC_WARN_UNINITIALIZED_AUTOS = YES_AGGRESSIVE;
				GCC_WARN_UNUSED_FUNCTION = YES;
				GCC_WARN_UNUSED_VARIABLE = YES;
				IPHONEOS_DEPLOYMENT_TARGET = 9.3;
				MTL_ENABLE_DEBUG_INFO = YES;
				ONLY_ACTIVE_ARCH = YES;
				SDKROOT = iphoneos;
				SWIFT_OPTIMIZATION_LEVEL = "-Onone";
			};
			name = Debug;
		};
		6F260ED41CE5CBA600F9AC6B /* Release */ = {
			isa = XCBuildConfiguration;
			buildSettings = {
				ALWAYS_SEARCH_USER_PATHS = NO;
				CLANG_ANALYZER_NONNULL = YES;
				CLANG_CXX_LANGUAGE_STANDARD = "gnu++0x";
				CLANG_CXX_LIBRARY = "libc++";
				CLANG_ENABLE_MODULES = YES;
				CLANG_ENABLE_OBJC_ARC = YES;
				CLANG_WARN_BOOL_CONVERSION = YES;
				CLANG_WARN_CONSTANT_CONVERSION = YES;
				CLANG_WARN_DIRECT_OBJC_ISA_USAGE = YES_ERROR;
				CLANG_WARN_EMPTY_BODY = YES;
				CLANG_WARN_ENUM_CONVERSION = YES;
				CLANG_WARN_INT_CONVERSION = YES;
				CLANG_WARN_OBJC_ROOT_CLASS = YES_ERROR;
				CLANG_WARN_UNREACHABLE_CODE = YES;
				CLANG_WARN__DUPLICATE_METHOD_MATCH = YES;
				"CODE_SIGN_IDENTITY[sdk=iphoneos*]" = "iPhone Developer";
				COPY_PHASE_STRIP = NO;
				DEBUG_INFORMATION_FORMAT = "dwarf-with-dsym";
				ENABLE_NS_ASSERTIONS = NO;
				ENABLE_STRICT_OBJC_MSGSEND = YES;
				GCC_C_LANGUAGE_STANDARD = gnu99;
				GCC_NO_COMMON_BLOCKS = YES;
				GCC_WARN_64_TO_32_BIT_CONVERSION = YES;
				GCC_WARN_ABOUT_RETURN_TYPE = YES_ERROR;
				GCC_WARN_UNDECLARED_SELECTOR = YES;
				GCC_WARN_UNINITIALIZED_AUTOS = YES_AGGRESSIVE;
				GCC_WARN_UNUSED_FUNCTION = YES;
				GCC_WARN_UNUSED_VARIABLE = YES;
				IPHONEOS_DEPLOYMENT_TARGET = 9.3;
				MTL_ENABLE_DEBUG_INFO = NO;
				SDKROOT = iphoneos;
				VALIDATE_PRODUCT = YES;
			};
			name = Release;
		};
		6F260ED61CE5CBA600F9AC6B /* Debug */ = {
			isa = XCBuildConfiguration;
			baseConfigurationReference = BA1888C3E45D497B722534C9 /* Pods-BrainTeaserApp.debug.xcconfig */;
			buildSettings = {
				ASSETCATALOG_COMPILER_APPICON_NAME = AppIcon;
				CLANG_ENABLE_MODULES = YES;
				INFOPLIST_FILE = BrainTeaserApp/Info.plist;
				LD_RUNPATH_SEARCH_PATHS = "$(inherited) @executable_path/Frameworks";
				PRODUCT_BUNDLE_IDENTIFIER = com.AndrewPersonal.BrainTeaserApp;
				PRODUCT_NAME = "$(TARGET_NAME)";
				SWIFT_OBJC_BRIDGING_HEADER = "BrainTeaserApp/BrainTeaserApp-Bridging-Header.h";
				SWIFT_OPTIMIZATION_LEVEL = "-Onone";
			};
			name = Debug;
		};
		6F260ED71CE5CBA600F9AC6B /* Release */ = {
			isa = XCBuildConfiguration;
			baseConfigurationReference = BC2BC8C0C5A584F27C265830 /* Pods-BrainTeaserApp.release.xcconfig */;
			buildSettings = {
				ASSETCATALOG_COMPILER_APPICON_NAME = AppIcon;
				CLANG_ENABLE_MODULES = YES;
				INFOPLIST_FILE = BrainTeaserApp/Info.plist;
				LD_RUNPATH_SEARCH_PATHS = "$(inherited) @executable_path/Frameworks";
				PRODUCT_BUNDLE_IDENTIFIER = com.AndrewPersonal.BrainTeaserApp;
				PRODUCT_NAME = "$(TARGET_NAME)";
				SWIFT_OBJC_BRIDGING_HEADER = "BrainTeaserApp/BrainTeaserApp-Bridging-Header.h";
			};
			name = Release;
		};
/* End XCBuildConfiguration section */

/* Begin XCConfigurationList section */
		6F260EBE1CE5CBA600F9AC6B /* Build configuration list for PBXProject "BrainTeaserApp" */ = {
			isa = XCConfigurationList;
			buildConfigurations = (
				6F260ED31CE5CBA600F9AC6B /* Debug */,
				6F260ED41CE5CBA600F9AC6B /* Release */,
			);
			defaultConfigurationIsVisible = 0;
			defaultConfigurationName = Release;
		};
		6F260ED51CE5CBA600F9AC6B /* Build configuration list for PBXNativeTarget "BrainTeaserApp" */ = {
			isa = XCConfigurationList;
			buildConfigurations = (
				6F260ED61CE5CBA600F9AC6B /* Debug */,
				6F260ED71CE5CBA600F9AC6B /* Release */,
			);
			defaultConfigurationIsVisible = 0;
			defaultConfigurationName = Release;
		};
/* End XCConfigurationList section */
	};
	rootObject = 6F260EBB1CE5CBA600F9AC6B /* Project object */;
}
